
Microsoft Visual Studio Solution File, Format Version 12.00
# Visual Studio Version 16
VisualStudioVersion = 16.0.29409.12
MinimumVisualStudioVersion = 10.0.40219.1
Project("{FAE04EC0-301F-11D3-BF4B-00C04F79EFBC}") = "CanTest", "CanTest\CanTest.csproj", "{D6B73B7E-8406-4751-814A-E59FD819E5C4}"
EndProject
Global
	GlobalSection(SolutionConfigurationPlatforms) = preSolution
		Debug|Any CPU = Debug|Any CPU
		Release|Any CPU = Release|Any CPU
	EndGlobalSection
	GlobalSection(ProjectConfigurationPlatforms) = postSolution
		{D6B73B7E-8406-4751-814A-E59FD819E5C4}.Debug|Any CPU.ActiveCfg = Debug|Any CPU
		{D6B73B7E-8406-4751-814A-E59FD819E5C4}.Debug|Any CPU.Build.0 = Debug|Any CPU
		{D6B73B7E-8406-4751-814A-E59FD819E5C4}.Release|Any CPU.ActiveCfg = Release|Any CPU
		{D6B73B7E-8406-4751-814A-E59FD819E5C4}.Release|Any CPU.Build.0 = Release|Any CPU
	EndGlobalSection
	GlobalSection(SolutionProperties) = preSolution
		HideSolutionNode = FALSE
	EndGlobalSection
	GlobalSection(ExtensibilityGlobals) = postSolution
		SolutionGuid = {C1006459-3D4E-49B2-9263-F4A3A1D34A5C}
	EndGlobalSection
EndGlobal
